
Microsoft Visual Studio Solution File, Format Version 12.00
# Visual Studio Version 17
VisualStudioVersion = 17.5.002.0
MinimumVisualStudioVersion = 10.0.40219.1
Project("{2150E333-8FDC-42A3-9474-1A3956D46DE8}") = "capstone_aelf", "capstone_aelf", "{826D178C-9499-4720-B2C8-09A0CD1BABE7}"
EndProject
Project("{9A19103F-16F7-4668-BE54-9A1E7A4F7556}") = "StackUpDAO", "capstone_aelf\src\StackUpDAO.csproj", "{05A342C4-3CD1-4DD8-8CB1-36D55AC24781}"
EndProject
Project("{9A19103F-16F7-4668-BE54-9A1E7A4F7556}") = "StackUpDAO.Tests", "capstone_aelf\test\StackUpDAO.Tests.csproj", "{7024A936-F943-43D1-ACEB-78D53DE6B5CB}"
EndProject
Global
	GlobalSection(SolutionConfigurationPlatforms) = preSolution
		Debug|Any CPU = Debug|Any CPU
		Release|Any CPU = Release|Any CPU
	EndGlobalSection
	GlobalSection(ProjectConfigurationPlatforms) = postSolution
		{05A342C4-3CD1-4DD8-8CB1-36D55AC24781}.Debug|Any CPU.ActiveCfg = Debug|Any CPU
		{05A342C4-3CD1-4DD8-8CB1-36D55AC24781}.Debug|Any CPU.Build.0 = Debug|Any CPU
		{05A342C4-3CD1-4DD8-8CB1-36D55AC24781}.Release|Any CPU.ActiveCfg = Release|Any CPU
		{05A342C4-3CD1-4DD8-8CB1-36D55AC24781}.Release|Any CPU.Build.0 = Release|Any CPU
		{7024A936-F943-43D1-ACEB-78D53DE6B5CB}.Debug|Any CPU.ActiveCfg = Debug|Any CPU
		{7024A936-F943-43D1-ACEB-78D53DE6B5CB}.Debug|Any CPU.Build.0 = Debug|Any CPU
		{7024A936-F943-43D1-ACEB-78D53DE6B5CB}.Release|Any CPU.ActiveCfg = Release|Any CPU
		{7024A936-F943-43D1-ACEB-78D53DE6B5CB}.Release|Any CPU.Build.0 = Release|Any CPU
	EndGlobalSection
	GlobalSection(SolutionProperties) = preSolution
		HideSolutionNode = FALSE
	EndGlobalSection
	GlobalSection(NestedProjects) = preSolution
		{05A342C4-3CD1-4DD8-8CB1-36D55AC24781} = {826D178C-9499-4720-B2C8-09A0CD1BABE7}
		{7024A936-F943-43D1-ACEB-78D53DE6B5CB} = {826D178C-9499-4720-B2C8-09A0CD1BABE7}
	EndGlobalSection
	GlobalSection(ExtensibilityGlobals) = postSolution
		SolutionGuid = {66F4A673-0901-4C08-9E3D-28AF13D87353}
	EndGlobalSection
EndGlobal
